
Microsoft Visual Studio Solution File, Format Version 12.00
# Visual Studio Version 16
VisualStudioVersion = 16.0.32407.337
MinimumVisualStudioVersion = 10.0.40219.1
Project("{2150E333-8FDC-42A3-9474-1A3956D46DE8}") = "src", "src", "{EDC8BBF7-3A07-4E6A-BA47-D092CC94598B}"
EndProject
Project("{2150E333-8FDC-42A3-9474-1A3956D46DE8}") = "Services", "Services", "{C552C1D9-CB4B-4E99-9398-7DFE70FA3F42}"
EndProject
Project("{2150E333-8FDC-42A3-9474-1A3956D46DE8}") = "BuildingBlocks", "BuildingBlocks", "{7A6B1390-FCC9-4055-9E23-EF3244DEF448}"
EndProject
Project("{9A19103F-16F7-4668-BE54-9A1E7A4F7556}") = "EventBus.Messages", "src\EventBus.Messages\EventBus.Messages.csproj", "{ADEDBAE7-4DAA-4135-8A78-E34529F6BF9F}"
EndProject
Project("{2150E333-8FDC-42A3-9474-1A3956D46DE8}") = "Filmos_favorites", "Filmos_favorites", "{0DDEBB4B-F578-46A0-A2A4-0D39BB8867E6}"
EndProject
Project("{9A19103F-16F7-4668-BE54-9A1E7A4F7556}") = "EFCoreCodeFirstSampleWEBAPI", "src\Services\Filmos_favorites\EFCoreCodeFirstSampleWEBAPI\EFCoreCodeFirstSampleWEBAPI.csproj", "{5C1B393F-43D4-48B5-8CDA-81C12B402C8B}"
EndProject
Project("{9A19103F-16F7-4668-BE54-9A1E7A4F7556}") = "EFCoreCodeFirstSampleWEBAPI.BLL", "src\Services\Filmos_favorites\EFCoreCodeFirstSampleWEBAPI.BLL\EFCoreCodeFirstSampleWEBAPI.BLL.csproj", "{8C21E2AB-AEDB-425C-8C29-1950D0C2F3C8}"
EndProject
Project("{9A19103F-16F7-4668-BE54-9A1E7A4F7556}") = "EFCoreCodeFirstSampleWEBAPI.DAL", "src\Services\Filmos_favorites\EFCoreCodeFirstSampleWEBAPI.DAL\EFCoreCodeFirstSampleWEBAPI.DAL.csproj", "{7764FDF6-5B4F-48A9-B455-96EC5883F973}"
EndProject
Project("{2150E333-8FDC-42A3-9474-1A3956D46DE8}") = "Filmos_rating", "Filmos_rating", "{3242CD2D-391F-4CDC-8172-563FE59A98AB}"
EndProject
Project("{9A19103F-16F7-4668-BE54-9A1E7A4F7556}") = "Application", "src\Services\Filmos_rating\Application\Application.csproj", "{A9B0387F-547B-4028-AAB7-B2C397964ED0}"
EndProject
Project("{9A19103F-16F7-4668-BE54-9A1E7A4F7556}") = "Domain", "src\Services\Filmos_rating\Domain\Domain.csproj", "{046DB5E9-BF23-4C23-8C24-29BE31C83B14}"
EndProject
Project("{9A19103F-16F7-4668-BE54-9A1E7A4F7556}") = "Infrastructure", "src\Services\Filmos_rating\Infrastructure\Infrastructure.csproj", "{653AAF1B-CCF0-4060-BCEE-2E29395D3B03}"
EndProject
Project("{9A19103F-16F7-4668-BE54-9A1E7A4F7556}") = "Persistence", "src\Services\Filmos_rating\Persistence\Persistence.csproj", "{EC712406-45B4-40D7-8758-E3CFC498F490}"
EndProject
Project("{9A19103F-16F7-4668-BE54-9A1E7A4F7556}") = "WebUI", "src\Services\Filmos_rating\WebUI\WebUI.csproj", "{B8D3B34A-0971-461D-823C-530EF2D510BC}"
EndProject
Project("{2150E333-8FDC-42A3-9474-1A3956D46DE8}") = "Filmos_shoping", "Filmos_shoping", "{F1C3127C-C4CD-4343-8D8C-8E776AA0939F}"
EndProject
Project("{00D1A9C2-B5F0-4AF3-8072-F6C62B433612}") = "FilmosShopingADO.DATABASE", "src\Services\Filmos_shoping\FilmosShopingADO.DATABASE\FilmosShopingADO.DATABASE.sqlproj", "{2E43A635-5960-4452-90EE-452EC8593CE2}"
EndProject
Project("{9A19103F-16F7-4668-BE54-9A1E7A4F7556}") = "Shoping.DAL", "src\Services\Filmos_shoping\Shoping.DAL\Shoping.DAL.csproj", "{BED7DA95-FE25-4FC6-ABA7-9AFE52EC042F}"
EndProject
Project("{9A19103F-16F7-4668-BE54-9A1E7A4F7556}") = "Shoping.WEBAPI", "src\Services\Filmos_shoping\Shoping.WEBAPI\Shoping.WEBAPI.csproj", "{4706DFCB-D66E-4A73-99BF-4DE00E712062}"
EndProject
Project("{2150E333-8FDC-42A3-9474-1A3956D46DE8}") = "Filmos_basket", "Filmos_basket", "{F848E6E1-0AB2-4492-90CF-8651995C3789}"
EndProject
Project("{9A19103F-16F7-4668-BE54-9A1E7A4F7556}") = "Basket.API", "src\Services\Filmos_basket\Basket.API\Basket.API.csproj", "{A1D2A874-728F-4399-A2AB-967F07B2447C}"
EndProject
Project("{2150E333-8FDC-42A3-9474-1A3956D46DE8}") = "tests", "tests", "{B5DD0C05-6D95-4EAA-B829-18FA10F52903}"
EndProject
Project("{2150E333-8FDC-42A3-9474-1A3956D46DE8}") = "Service", "Service", "{FA00E439-1390-4097-9180-B97236ACA5CB}"
EndProject
Project("{2150E333-8FDC-42A3-9474-1A3956D46DE8}") = "ApiGateways", "ApiGateways", "{92AB0546-CBAF-46CF-8767-F113A2166EAC}"
EndProject
Project("{9A19103F-16F7-4668-BE54-9A1E7A4F7556}") = "OcelotApiGw", "src\ApiGateways\OcelotApiGw\OcelotApiGw.csproj", "{2855FB72-40A2-4048-88B0-96257B59530D}"
EndProject
Project("{E53339B2-1760-4266-BCC7-CA923CBCF16C}") = "docker-compose", "docker-compose.dcproj", "{00308AD6-8161-4DEF-9563-B5CE1BF0DFBC}"
EndProject
Project("{9A19103F-16F7-4668-BE54-9A1E7A4F7556}") = "EFCoreCodeFirstSampleWEBAPI.UnitTests", "tests\Service\EFCoreCodeFirstSampleWEBAPI.UnitTests\EFCoreCodeFirstSampleWEBAPI.UnitTests.csproj", "{6B892673-0AF4-46DE-B9DE-205D47151F03}"
EndProject
Project("{9A19103F-16F7-4668-BE54-9A1E7A4F7556}") = "EFCoreCodeFirstSampleWEBAPI.IntegrationTests", "tests\Service\EFCoreCodeFirstSampleWEBAPI.IntegrationTests\EFCoreCodeFirstSampleWEBAPI.IntegrationTests.csproj", "{4E890E05-BB55-49CA-9608-B63B9D94B610}"
EndProject
Project("{9A19103F-16F7-4668-BE54-9A1E7A4F7556}") = "Shoping.GRPC", "src\Services\Filmos_shoping\Shoping.GRPC\Shoping.GRPC.csproj", "{AE6C480E-9E98-4F0F-ACA8-AD116F5AEDC6}"
EndProject
Project("{9A19103F-16F7-4668-BE54-9A1E7A4F7556}") = "Common.Logging", "src\Common.Logging\Common.Logging.csproj", "{62579930-39EB-4253-AD8E-9E05AC3D102B}"
EndProject
Project("{2150E333-8FDC-42A3-9474-1A3956D46DE8}") = "Solution Items", "Solution Items", "{4E4997E8-0F68-415C-BDF5-63CA94F5CAEA}"
	ProjectSection(SolutionItems) = preProject
		README.md = README.md
	EndProjectSection
EndProject
Project("{2150E333-8FDC-42A3-9474-1A3956D46DE8}") = "SecureResource", "SecureResource", "{8C2AAB63-3B8C-4882-A4A4-CAEFBF42AB45}"
EndProject
Project("{FAE04EC0-301F-11D3-BF4B-00C04F79EFBC}") = "IdentityServer", "src\SecureResource\IdentityServer\IdentityServer.csproj", "{1D07ACA1-943C-43D1-A034-ED7CB87AD841}"
EndProject
Global
	GlobalSection(SolutionConfigurationPlatforms) = preSolution
		Debug|Any CPU = Debug|Any CPU
		Release|Any CPU = Release|Any CPU
	EndGlobalSection
	GlobalSection(ProjectConfigurationPlatforms) = postSolution
		{ADEDBAE7-4DAA-4135-8A78-E34529F6BF9F}.Debug|Any CPU.ActiveCfg = Debug|Any CPU
		{ADEDBAE7-4DAA-4135-8A78-E34529F6BF9F}.Debug|Any CPU.Build.0 = Debug|Any CPU
		{ADEDBAE7-4DAA-4135-8A78-E34529F6BF9F}.Release|Any CPU.ActiveCfg = Release|Any CPU
		{ADEDBAE7-4DAA-4135-8A78-E34529F6BF9F}.Release|Any CPU.Build.0 = Release|Any CPU
		{5C1B393F-43D4-48B5-8CDA-81C12B402C8B}.Debug|Any CPU.ActiveCfg = Debug|Any CPU
		{5C1B393F-43D4-48B5-8CDA-81C12B402C8B}.Debug|Any CPU.Build.0 = Debug|Any CPU
		{5C1B393F-43D4-48B5-8CDA-81C12B402C8B}.Release|Any CPU.ActiveCfg = Release|Any CPU
		{5C1B393F-43D4-48B5-8CDA-81C12B402C8B}.Release|Any CPU.Build.0 = Release|Any CPU
		{8C21E2AB-AEDB-425C-8C29-1950D0C2F3C8}.Debug|Any CPU.ActiveCfg = Debug|Any CPU
		{8C21E2AB-AEDB-425C-8C29-1950D0C2F3C8}.Debug|Any CPU.Build.0 = Debug|Any CPU
		{8C21E2AB-AEDB-425C-8C29-1950D0C2F3C8}.Release|Any CPU.ActiveCfg = Release|Any CPU
		{8C21E2AB-AEDB-425C-8C29-1950D0C2F3C8}.Release|Any CPU.Build.0 = Release|Any CPU
		{7764FDF6-5B4F-48A9-B455-96EC5883F973}.Debug|Any CPU.ActiveCfg = Debug|Any CPU
		{7764FDF6-5B4F-48A9-B455-96EC5883F973}.Debug|Any CPU.Build.0 = Debug|Any CPU
		{7764FDF6-5B4F-48A9-B455-96EC5883F973}.Release|Any CPU.ActiveCfg = Release|Any CPU
		{7764FDF6-5B4F-48A9-B455-96EC5883F973}.Release|Any CPU.Build.0 = Release|Any CPU
		{A9B0387F-547B-4028-AAB7-B2C397964ED0}.Debug|Any CPU.ActiveCfg = Debug|Any CPU
		{A9B0387F-547B-4028-AAB7-B2C397964ED0}.Debug|Any CPU.Build.0 = Debug|Any CPU
		{A9B0387F-547B-4028-AAB7-B2C397964ED0}.Release|Any CPU.ActiveCfg = Release|Any CPU
		{A9B0387F-547B-4028-AAB7-B2C397964ED0}.Release|Any CPU.Build.0 = Release|Any CPU
		{046DB5E9-BF23-4C23-8C24-29BE31C83B14}.Debug|Any CPU.ActiveCfg = Debug|Any CPU
		{046DB5E9-BF23-4C23-8C24-29BE31C83B14}.Debug|Any CPU.Build.0 = Debug|Any CPU
		{046DB5E9-BF23-4C23-8C24-29BE31C83B14}.Release|Any CPU.ActiveCfg = Release|Any CPU
		{046DB5E9-BF23-4C23-8C24-29BE31C83B14}.Release|Any CPU.Build.0 = Release|Any CPU
		{653AAF1B-CCF0-4060-BCEE-2E29395D3B03}.Debug|Any CPU.ActiveCfg = Debug|Any CPU
		{653AAF1B-CCF0-4060-BCEE-2E29395D3B03}.Debug|Any CPU.Build.0 = Debug|Any CPU
		{653AAF1B-CCF0-4060-BCEE-2E29395D3B03}.Release|Any CPU.ActiveCfg = Release|Any CPU
		{653AAF1B-CCF0-4060-BCEE-2E29395D3B03}.Release|Any CPU.Build.0 = Release|Any CPU
		{EC712406-45B4-40D7-8758-E3CFC498F490}.Debug|Any CPU.ActiveCfg = Debug|Any CPU
		{EC712406-45B4-40D7-8758-E3CFC498F490}.Debug|Any CPU.Build.0 = Debug|Any CPU
		{EC712406-45B4-40D7-8758-E3CFC498F490}.Release|Any CPU.ActiveCfg = Release|Any CPU
		{EC712406-45B4-40D7-8758-E3CFC498F490}.Release|Any CPU.Build.0 = Release|Any CPU
		{B8D3B34A-0971-461D-823C-530EF2D510BC}.Debug|Any CPU.ActiveCfg = Debug|Any CPU
		{B8D3B34A-0971-461D-823C-530EF2D510BC}.Debug|Any CPU.Build.0 = Debug|Any CPU
		{B8D3B34A-0971-461D-823C-530EF2D510BC}.Release|Any CPU.ActiveCfg = Release|Any CPU
		{B8D3B34A-0971-461D-823C-530EF2D510BC}.Release|Any CPU.Build.0 = Release|Any CPU
		{2E43A635-5960-4452-90EE-452EC8593CE2}.Debug|Any CPU.ActiveCfg = Debug|Any CPU
		{2E43A635-5960-4452-90EE-452EC8593CE2}.Debug|Any CPU.Build.0 = Debug|Any CPU
		{2E43A635-5960-4452-90EE-452EC8593CE2}.Debug|Any CPU.Deploy.0 = Debug|Any CPU
		{2E43A635-5960-4452-90EE-452EC8593CE2}.Release|Any CPU.ActiveCfg = Release|Any CPU
		{2E43A635-5960-4452-90EE-452EC8593CE2}.Release|Any CPU.Build.0 = Release|Any CPU
		{2E43A635-5960-4452-90EE-452EC8593CE2}.Release|Any CPU.Deploy.0 = Release|Any CPU
		{BED7DA95-FE25-4FC6-ABA7-9AFE52EC042F}.Debug|Any CPU.ActiveCfg = Debug|Any CPU
		{BED7DA95-FE25-4FC6-ABA7-9AFE52EC042F}.Debug|Any CPU.Build.0 = Debug|Any CPU
		{BED7DA95-FE25-4FC6-ABA7-9AFE52EC042F}.Release|Any CPU.ActiveCfg = Release|Any CPU
		{BED7DA95-FE25-4FC6-ABA7-9AFE52EC042F}.Release|Any CPU.Build.0 = Release|Any CPU
		{4706DFCB-D66E-4A73-99BF-4DE00E712062}.Debug|Any CPU.ActiveCfg = Debug|Any CPU
		{4706DFCB-D66E-4A73-99BF-4DE00E712062}.Debug|Any CPU.Build.0 = Debug|Any CPU
		{4706DFCB-D66E-4A73-99BF-4DE00E712062}.Release|Any CPU.ActiveCfg = Release|Any CPU
		{4706DFCB-D66E-4A73-99BF-4DE00E712062}.Release|Any CPU.Build.0 = Release|Any CPU
		{A1D2A874-728F-4399-A2AB-967F07B2447C}.Debug|Any CPU.ActiveCfg = Debug|Any CPU
		{A1D2A874-728F-4399-A2AB-967F07B2447C}.Debug|Any CPU.Build.0 = Debug|Any CPU
		{A1D2A874-728F-4399-A2AB-967F07B2447C}.Release|Any CPU.ActiveCfg = Release|Any CPU
		{A1D2A874-728F-4399-A2AB-967F07B2447C}.Release|Any CPU.Build.0 = Release|Any CPU
		{2855FB72-40A2-4048-88B0-96257B59530D}.Debug|Any CPU.ActiveCfg = Debug|Any CPU
		{2855FB72-40A2-4048-88B0-96257B59530D}.Debug|Any CPU.Build.0 = Debug|Any CPU
		{2855FB72-40A2-4048-88B0-96257B59530D}.Release|Any CPU.ActiveCfg = Release|Any CPU
		{2855FB72-40A2-4048-88B0-96257B59530D}.Release|Any CPU.Build.0 = Release|Any CPU
		{00308AD6-8161-4DEF-9563-B5CE1BF0DFBC}.Debug|Any CPU.ActiveCfg = Debug|Any CPU
		{00308AD6-8161-4DEF-9563-B5CE1BF0DFBC}.Debug|Any CPU.Build.0 = Debug|Any CPU
		{00308AD6-8161-4DEF-9563-B5CE1BF0DFBC}.Release|Any CPU.ActiveCfg = Release|Any CPU
		{00308AD6-8161-4DEF-9563-B5CE1BF0DFBC}.Release|Any CPU.Build.0 = Release|Any CPU
		{6B892673-0AF4-46DE-B9DE-205D47151F03}.Debug|Any CPU.ActiveCfg = Debug|Any CPU
		{6B892673-0AF4-46DE-B9DE-205D47151F03}.Debug|Any CPU.Build.0 = Debug|Any CPU
		{6B892673-0AF4-46DE-B9DE-205D47151F03}.Release|Any CPU.ActiveCfg = Release|Any CPU
		{6B892673-0AF4-46DE-B9DE-205D47151F03}.Release|Any CPU.Build.0 = Release|Any CPU
		{4E890E05-BB55-49CA-9608-B63B9D94B610}.Debug|Any CPU.ActiveCfg = Debug|Any CPU
		{4E890E05-BB55-49CA-9608-B63B9D94B610}.Debug|Any CPU.Build.0 = Debug|Any CPU
		{4E890E05-BB55-49CA-9608-B63B9D94B610}.Release|Any CPU.ActiveCfg = Release|Any CPU
		{4E890E05-BB55-49CA-9608-B63B9D94B610}.Release|Any CPU.Build.0 = Release|Any CPU
		{AE6C480E-9E98-4F0F-ACA8-AD116F5AEDC6}.Debug|Any CPU.ActiveCfg = Debug|Any CPU
		{AE6C480E-9E98-4F0F-ACA8-AD116F5AEDC6}.Debug|Any CPU.Build.0 = Debug|Any CPU
		{AE6C480E-9E98-4F0F-ACA8-AD116F5AEDC6}.Release|Any CPU.ActiveCfg = Release|Any CPU
		{AE6C480E-9E98-4F0F-ACA8-AD116F5AEDC6}.Release|Any CPU.Build.0 = Release|Any CPU
		{62579930-39EB-4253-AD8E-9E05AC3D102B}.Debug|Any CPU.ActiveCfg = Debug|Any CPU
		{62579930-39EB-4253-AD8E-9E05AC3D102B}.Debug|Any CPU.Build.0 = Debug|Any CPU
		{62579930-39EB-4253-AD8E-9E05AC3D102B}.Release|Any CPU.ActiveCfg = Release|Any CPU
		{62579930-39EB-4253-AD8E-9E05AC3D102B}.Release|Any CPU.Build.0 = Release|Any CPU
		{1D07ACA1-943C-43D1-A034-ED7CB87AD841}.Debug|Any CPU.ActiveCfg = Debug|Any CPU
		{1D07ACA1-943C-43D1-A034-ED7CB87AD841}.Debug|Any CPU.Build.0 = Debug|Any CPU
		{1D07ACA1-943C-43D1-A034-ED7CB87AD841}.Release|Any CPU.ActiveCfg = Release|Any CPU
		{1D07ACA1-943C-43D1-A034-ED7CB87AD841}.Release|Any CPU.Build.0 = Release|Any CPU
	EndGlobalSection
	GlobalSection(SolutionProperties) = preSolution
		HideSolutionNode = FALSE
	EndGlobalSection
	GlobalSection(NestedProjects) = preSolution
		{C552C1D9-CB4B-4E99-9398-7DFE70FA3F42} = {EDC8BBF7-3A07-4E6A-BA47-D092CC94598B}
		{7A6B1390-FCC9-4055-9E23-EF3244DEF448} = {EDC8BBF7-3A07-4E6A-BA47-D092CC94598B}
		{ADEDBAE7-4DAA-4135-8A78-E34529F6BF9F} = {7A6B1390-FCC9-4055-9E23-EF3244DEF448}
		{0DDEBB4B-F578-46A0-A2A4-0D39BB8867E6} = {C552C1D9-CB4B-4E99-9398-7DFE70FA3F42}
		{5C1B393F-43D4-48B5-8CDA-81C12B402C8B} = {0DDEBB4B-F578-46A0-A2A4-0D39BB8867E6}
		{8C21E2AB-AEDB-425C-8C29-1950D0C2F3C8} = {0DDEBB4B-F578-46A0-A2A4-0D39BB8867E6}
		{7764FDF6-5B4F-48A9-B455-96EC5883F973} = {0DDEBB4B-F578-46A0-A2A4-0D39BB8867E6}
		{3242CD2D-391F-4CDC-8172-563FE59A98AB} = {C552C1D9-CB4B-4E99-9398-7DFE70FA3F42}
		{A9B0387F-547B-4028-AAB7-B2C397964ED0} = {3242CD2D-391F-4CDC-8172-563FE59A98AB}
		{046DB5E9-BF23-4C23-8C24-29BE31C83B14} = {3242CD2D-391F-4CDC-8172-563FE59A98AB}
		{653AAF1B-CCF0-4060-BCEE-2E29395D3B03} = {3242CD2D-391F-4CDC-8172-563FE59A98AB}
		{EC712406-45B4-40D7-8758-E3CFC498F490} = {3242CD2D-391F-4CDC-8172-563FE59A98AB}
		{B8D3B34A-0971-461D-823C-530EF2D510BC} = {3242CD2D-391F-4CDC-8172-563FE59A98AB}
		{F1C3127C-C4CD-4343-8D8C-8E776AA0939F} = {C552C1D9-CB4B-4E99-9398-7DFE70FA3F42}
		{2E43A635-5960-4452-90EE-452EC8593CE2} = {F1C3127C-C4CD-4343-8D8C-8E776AA0939F}
		{BED7DA95-FE25-4FC6-ABA7-9AFE52EC042F} = {F1C3127C-C4CD-4343-8D8C-8E776AA0939F}
		{4706DFCB-D66E-4A73-99BF-4DE00E712062} = {F1C3127C-C4CD-4343-8D8C-8E776AA0939F}
		{F848E6E1-0AB2-4492-90CF-8651995C3789} = {C552C1D9-CB4B-4E99-9398-7DFE70FA3F42}
		{A1D2A874-728F-4399-A2AB-967F07B2447C} = {F848E6E1-0AB2-4492-90CF-8651995C3789}
		{FA00E439-1390-4097-9180-B97236ACA5CB} = {B5DD0C05-6D95-4EAA-B829-18FA10F52903}
		{92AB0546-CBAF-46CF-8767-F113A2166EAC} = {EDC8BBF7-3A07-4E6A-BA47-D092CC94598B}
		{2855FB72-40A2-4048-88B0-96257B59530D} = {92AB0546-CBAF-46CF-8767-F113A2166EAC}
		{6B892673-0AF4-46DE-B9DE-205D47151F03} = {FA00E439-1390-4097-9180-B97236ACA5CB}
		{4E890E05-BB55-49CA-9608-B63B9D94B610} = {FA00E439-1390-4097-9180-B97236ACA5CB}
		{AE6C480E-9E98-4F0F-ACA8-AD116F5AEDC6} = {F1C3127C-C4CD-4343-8D8C-8E776AA0939F}
		{62579930-39EB-4253-AD8E-9E05AC3D102B} = {7A6B1390-FCC9-4055-9E23-EF3244DEF448}
		{8C2AAB63-3B8C-4882-A4A4-CAEFBF42AB45} = {EDC8BBF7-3A07-4E6A-BA47-D092CC94598B}
		{1D07ACA1-943C-43D1-A034-ED7CB87AD841} = {8C2AAB63-3B8C-4882-A4A4-CAEFBF42AB45}
	EndGlobalSection
	GlobalSection(ExtensibilityGlobals) = postSolution
		SolutionGuid = {D32D6FDF-D5C4-47B3-9C19-C717CE13CB4B}
	EndGlobalSection
EndGlobal
